
Microsoft Visual Studio Solution File, Format Version 12.00
# Visual Studio Version 16
VisualStudioVersion = 25.0.1705.2
MinimumVisualStudioVersion = 10.0.40219.1
Project("{FAE04EC0-301F-11D3-BF4B-00C04F79EFBC}") = "WheelWay", "WheelWay\WheelWay.csproj", "{EB8ACB9D-ED66-4BD6-B387-5618CECD7399}"
EndProject
Global
	GlobalSection(SolutionConfigurationPlatforms) = preSolution
		Debug|Any CPU = Debug|Any CPU
		Release|Any CPU = Release|Any CPU
	EndGlobalSection
	GlobalSection(ProjectConfigurationPlatforms) = postSolution
		{EB8ACB9D-ED66-4BD6-B387-5618CECD7399}.Debug|Any CPU.ActiveCfg = Debug|Any CPU
		{EB8ACB9D-ED66-4BD6-B387-5618CECD7399}.Debug|Any CPU.Build.0 = Debug|Any CPU
		{EB8ACB9D-ED66-4BD6-B387-5618CECD7399}.Release|Any CPU.ActiveCfg = Release|Any CPU
		{EB8ACB9D-ED66-4BD6-B387-5618CECD7399}.Release|Any CPU.Build.0 = Release|Any CPU
	EndGlobalSection
	GlobalSection(SolutionProperties) = preSolution
		HideSolutionNode = FALSE
	EndGlobalSection
	GlobalSection(ExtensibilityGlobals) = postSolution
		SolutionGuid = {BDD0F0AB-9CCF-468C-A102-52761D7386EF}
	EndGlobalSection
EndGlobal
